
Microsoft Visual Studio Solution File, Format Version 12.00
# Visual Studio Version 17
VisualStudioVersion = 17.14.36212.18
MinimumVisualStudioVersion = 10.0.40219.1
Project("{FAE04EC0-301F-11D3-BF4B-00C04F79EFBC}") = "wpfApp", "wpfApp\wpfApp.csproj", "{0C664E63-3DD5-4F54-9434-7BFF6487B303}"
EndProject
Project("{54A90642-561A-4BB1-A94E-469ADEE60C69}") = "reactproject1", "reactproject1\reactproject1.esproj", "{C08B8C24-04A5-4770-B550-72A0FBD806D4}"
EndProject
Global
	GlobalSection(SolutionConfigurationPlatforms) = preSolution
		Debug|Any CPU = Debug|Any CPU
		Release|Any CPU = Release|Any CPU
	EndGlobalSection
	GlobalSection(ProjectConfigurationPlatforms) = postSolution
		{0C664E63-3DD5-4F54-9434-7BFF6487B303}.Debug|Any CPU.ActiveCfg = Debug|Any CPU
		{0C664E63-3DD5-4F54-9434-7BFF6487B303}.Debug|Any CPU.Build.0 = Debug|Any CPU
		{0C664E63-3DD5-4F54-9434-7BFF6487B303}.Release|Any CPU.ActiveCfg = Release|Any CPU
		{0C664E63-3DD5-4F54-9434-7BFF6487B303}.Release|Any CPU.Build.0 = Release|Any CPU
		{C08B8C24-04A5-4770-B550-72A0FBD806D4}.Debug|Any CPU.ActiveCfg = Debug|Any CPU
		{C08B8C24-04A5-4770-B550-72A0FBD806D4}.Debug|Any CPU.Build.0 = Debug|Any CPU
		{C08B8C24-04A5-4770-B550-72A0FBD806D4}.Debug|Any CPU.Deploy.0 = Debug|Any CPU
		{C08B8C24-04A5-4770-B550-72A0FBD806D4}.Release|Any CPU.ActiveCfg = Release|Any CPU
		{C08B8C24-04A5-4770-B550-72A0FBD806D4}.Release|Any CPU.Build.0 = Release|Any CPU
		{C08B8C24-04A5-4770-B550-72A0FBD806D4}.Release|Any CPU.Deploy.0 = Release|Any CPU
	EndGlobalSection
	GlobalSection(SolutionProperties) = preSolution
		HideSolutionNode = FALSE
	EndGlobalSection
EndGlobal
